
Microsoft Visual Studio Solution File, Format Version 12.00
# Visual Studio Version 16
VisualStudioVersion = 16.0.28803.156
MinimumVisualStudioVersion = 10.0.40219.1
Project("{2150E333-8FDC-42A3-9474-1A3956D46DE8}") = "docs", "docs", "{1D373993-0345-466C-B421-6B8336E3D40E}"
	ProjectSection(SolutionItems) = preProject
		CHANGELOG.md = CHANGELOG.md
		README.md = README.md
	EndProjectSection
EndProject
Project("{2150E333-8FDC-42A3-9474-1A3956D46DE8}") = "tools", "tools", "{D84074F3-7B99-4EF8-9D0A-5677D1A4E676}"
	ProjectSection(SolutionItems) = preProject
		.editorconfig = .editorconfig
		.gitignore = .gitignore
		.circleci\config.yml = .circleci\config.yml
		Directory.Build.props = Directory.Build.props
		NuGet.Config = NuGet.Config
		tools\pack.sh = tools\pack.sh
		package.json = package.json
	EndProjectSection
EndProject
Project("{2150E333-8FDC-42A3-9474-1A3956D46DE8}") = "src", "src", "{9D4AF283-91A7-4EFF-A212-8242B0F9E680}"
EndProject
Project("{2150E333-8FDC-42A3-9474-1A3956D46DE8}") = "test", "test", "{43279F19-C7CE-4D7F-99CC-3B410C685F09}"
EndProject
Project("{2150E333-8FDC-42A3-9474-1A3956D46DE8}") = "benchmark", "benchmark", "{A7C9C617-4FD3-4C1E-BF8F-E0FBE767E85B}"
EndProject
Project("{2150E333-8FDC-42A3-9474-1A3956D46DE8}") = "samples", "samples", "{EF87A44F-A75B-4C2F-86CD-402EBB8D0F3F}"
EndProject
Project("{9A19103F-16F7-4668-BE54-9A1E7A4F7556}") = "Sketch7.Multitenancy.Test", "test\Sketch7.Multitenancy.Test.csproj", "{93E2EFD3-D343-43B8-B8B7-5738A0FAF9CF}"
EndProject
Project("{9A19103F-16F7-4668-BE54-9A1E7A4F7556}") = "Sketch7.Multitenancy.Sample.Api", "samples\Sketch7.Multitenancy.Sample.Api\Sketch7.Multitenancy.Sample.Api.csproj", "{882AA0A8-83EA-47B8-8BFC-4C81E35974F1}"
EndProject
Project("{FAE04EC0-301F-11D3-BF4B-00C04F79EFBC}") = "Sketch7.Multitenancy", "src\Sketch7.Multitenancy\Sketch7.Multitenancy.csproj", "{F96C1EB9-4C8D-49E3-A2EB-A0D9BEB8CF4F}"
EndProject
Global
	GlobalSection(SolutionConfigurationPlatforms) = preSolution
		Debug|Any CPU = Debug|Any CPU
		Release|Any CPU = Release|Any CPU
	EndGlobalSection
	GlobalSection(ProjectConfigurationPlatforms) = postSolution
		{93E2EFD3-D343-43B8-B8B7-5738A0FAF9CF}.Debug|Any CPU.ActiveCfg = Debug|Any CPU
		{93E2EFD3-D343-43B8-B8B7-5738A0FAF9CF}.Debug|Any CPU.Build.0 = Debug|Any CPU
		{93E2EFD3-D343-43B8-B8B7-5738A0FAF9CF}.Release|Any CPU.ActiveCfg = Release|Any CPU
		{93E2EFD3-D343-43B8-B8B7-5738A0FAF9CF}.Release|Any CPU.Build.0 = Release|Any CPU
		{882AA0A8-83EA-47B8-8BFC-4C81E35974F1}.Debug|Any CPU.ActiveCfg = Debug|Any CPU
		{882AA0A8-83EA-47B8-8BFC-4C81E35974F1}.Debug|Any CPU.Build.0 = Debug|Any CPU
		{882AA0A8-83EA-47B8-8BFC-4C81E35974F1}.Release|Any CPU.ActiveCfg = Release|Any CPU
		{882AA0A8-83EA-47B8-8BFC-4C81E35974F1}.Release|Any CPU.Build.0 = Release|Any CPU
		{F96C1EB9-4C8D-49E3-A2EB-A0D9BEB8CF4F}.Debug|Any CPU.ActiveCfg = Debug|Any CPU
		{F96C1EB9-4C8D-49E3-A2EB-A0D9BEB8CF4F}.Debug|Any CPU.Build.0 = Debug|Any CPU
		{F96C1EB9-4C8D-49E3-A2EB-A0D9BEB8CF4F}.Release|Any CPU.ActiveCfg = Release|Any CPU
		{F96C1EB9-4C8D-49E3-A2EB-A0D9BEB8CF4F}.Release|Any CPU.Build.0 = Release|Any CPU
	EndGlobalSection
	GlobalSection(SolutionProperties) = preSolution
		HideSolutionNode = FALSE
	EndGlobalSection
	GlobalSection(NestedProjects) = preSolution
		{93E2EFD3-D343-43B8-B8B7-5738A0FAF9CF} = {43279F19-C7CE-4D7F-99CC-3B410C685F09}
		{882AA0A8-83EA-47B8-8BFC-4C81E35974F1} = {EF87A44F-A75B-4C2F-86CD-402EBB8D0F3F}
		{F96C1EB9-4C8D-49E3-A2EB-A0D9BEB8CF4F} = {9D4AF283-91A7-4EFF-A212-8242B0F9E680}
	EndGlobalSection
	GlobalSection(ExtensibilityGlobals) = postSolution
		SolutionGuid = {AF414626-8BE4-4992-8E6F-AFAFF7644AE5}
	EndGlobalSection
EndGlobal
